
Microsoft Visual Studio Solution File, Format Version 12.00
# Visual Studio Version 16
VisualStudioVersion = 25.0.1706.4
MinimumVisualStudioVersion = 10.0.40219.1
Project("{FAE04EC0-301F-11D3-BF4B-00C04F79EFBC}") = "testApp", "testApp\testApp.csproj", "{6C105D4E-40AC-4B01-A300-A128225D304F}"
EndProject
Project("{FAE04EC0-301F-11D3-BF4B-00C04F79EFBC}") = "ForeignApp", "ForeignApp\ForeignApp.csproj", "{7425A259-3516-4291-8C9A-24C3AFFBB4BE}"
EndProject
Global
	GlobalSection(SolutionConfigurationPlatforms) = preSolution
		Debug|Any CPU = Debug|Any CPU
		Release|Any CPU = Release|Any CPU
	EndGlobalSection
	GlobalSection(ProjectConfigurationPlatforms) = postSolution
		{6C105D4E-40AC-4B01-A300-A128225D304F}.Debug|Any CPU.ActiveCfg = Debug|Any CPU
		{6C105D4E-40AC-4B01-A300-A128225D304F}.Debug|Any CPU.Build.0 = Debug|Any CPU
		{6C105D4E-40AC-4B01-A300-A128225D304F}.Release|Any CPU.ActiveCfg = Release|Any CPU
		{6C105D4E-40AC-4B01-A300-A128225D304F}.Release|Any CPU.Build.0 = Release|Any CPU
		{7425A259-3516-4291-8C9A-24C3AFFBB4BE}.Debug|Any CPU.ActiveCfg = Debug|Any CPU
		{7425A259-3516-4291-8C9A-24C3AFFBB4BE}.Debug|Any CPU.Build.0 = Debug|Any CPU
		{7425A259-3516-4291-8C9A-24C3AFFBB4BE}.Release|Any CPU.ActiveCfg = Release|Any CPU
		{7425A259-3516-4291-8C9A-24C3AFFBB4BE}.Release|Any CPU.Build.0 = Release|Any CPU
	EndGlobalSection
	GlobalSection(SolutionProperties) = preSolution
		HideSolutionNode = FALSE
	EndGlobalSection
	GlobalSection(ExtensibilityGlobals) = postSolution
		SolutionGuid = {64D9403B-8E0A-4404-B8C0-BF0F329CF790}
	EndGlobalSection
EndGlobal
